// !$*UTF8*$!
{
	archiveVersion = 1;
	classes = {
	};
	objectVersion = 56;
	objects = {

/* Begin PBXBuildFile section */
		B72D982C29580F710047B14A /* MenuController.swift in Sources */ = {isa = PBXBuildFile; fileRef = B72D982B29580F710047B14A /* MenuController.swift */; };
		B72D982E295814F20047B14A /* CreatePasswordViewController.swift in Sources */ = {isa = PBXBuildFile; fileRef = B72D982D295814F20047B14A /* CreatePasswordViewController.swift */; };
		B72D983529581EFF0047B14A /* PasswordDetailsViewController.swift in Sources */ = {isa = PBXBuildFile; fileRef = B72D983429581EFF0047B14A /* PasswordDetailsViewController.swift */; };
		B750CFAE296AC52100A113A4 /* FormUI.swift in Sources */ = {isa = PBXBuildFile; fileRef = B750CFAD296AC52100A113A4 /* FormUI.swift */; };
		B750CFB0296B01E100A113A4 /* User.swift in Sources */ = {isa = PBXBuildFile; fileRef = B750CFAF296B01E100A113A4 /* User.swift */; };
		B750CFB3296B087E00A113A4 /* CryptoSwift in Frameworks */ = {isa = PBXBuildFile; productRef = B750CFB2296B087E00A113A4 /* CryptoSwift */; };
		B750CFB5296B094C00A113A4 /* KeychainHelper.swift in Sources */ = {isa = PBXBuildFile; fileRef = B750CFB4296B094C00A113A4 /* KeychainHelper.swift */; };
		B750CFB7296B0A1000A113A4 /* UserData.swift in Sources */ = {isa = PBXBuildFile; fileRef = B750CFB6296B0A1000A113A4 /* UserData.swift */; };
		B75A3B65295AA0500072D09F /* PasswordValidator.swift in Sources */ = {isa = PBXBuildFile; fileRef = B75A3B64295AA0500072D09F /* PasswordValidator.swift */; };
		B783FD4629583A0E004BEB6C /* ProfileViewController.swift in Sources */ = {isa = PBXBuildFile; fileRef = B783FD4529583A0E004BEB6C /* ProfileViewController.swift */; };
		B783FD4929584E7F004BEB6C /* API.swift in Sources */ = {isa = PBXBuildFile; fileRef = B783FD4829584E7F004BEB6C /* API.swift */; };
		B783FD4C29586B9A004BEB6C /* Constants.swift in Sources */ = {isa = PBXBuildFile; fileRef = B783FD4B29586B9A004BEB6C /* Constants.swift */; };
		B783FD4F29595209004BEB6C /* Realm in Frameworks */ = {isa = PBXBuildFile; productRef = B783FD4E29595209004BEB6C /* Realm */; };
		B783FD5129595209004BEB6C /* RealmSwift in Frameworks */ = {isa = PBXBuildFile; productRef = B783FD5029595209004BEB6C /* RealmSwift */; };
		B783FD5429595476004BEB6C /* PasswordTableViewCell.swift in Sources */ = {isa = PBXBuildFile; fileRef = B783FD5229595476004BEB6C /* PasswordTableViewCell.swift */; };
		B783FD5529595476004BEB6C /* PasswordTableViewCell.xib in Resources */ = {isa = PBXBuildFile; fileRef = B783FD5329595476004BEB6C /* PasswordTableViewCell.xib */; };
		B783FD5729595D17004BEB6C /* Password.swift in Sources */ = {isa = PBXBuildFile; fileRef = B783FD5629595D17004BEB6C /* Password.swift */; };
		B783FD592959648B004BEB6C /* PasswordDelegate.swift in Sources */ = {isa = PBXBuildFile; fileRef = B783FD582959648B004BEB6C /* PasswordDelegate.swift */; };
		B79897BE2958012D0082EB8D /* HomeViewController.swift in Sources */ = {isa = PBXBuildFile; fileRef = B79897BD2958012D0082EB8D /* HomeViewController.swift */; };
		B79897C02958014E0082EB8D /* AnalysisViewController.swift in Sources */ = {isa = PBXBuildFile; fileRef = B79897BF2958014E0082EB8D /* AnalysisViewController.swift */; };
		B79897C22958015D0082EB8D /* SearchViewController.swift in Sources */ = {isa = PBXBuildFile; fileRef = B79897C12958015D0082EB8D /* SearchViewController.swift */; };
		B79897C4295801660082EB8D /* SettingsViewController.swift in Sources */ = {isa = PBXBuildFile; fileRef = B79897C3295801660082EB8D /* SettingsViewController.swift */; };
		B79897C6295802C90082EB8D /* APIModels.swift in Sources */ = {isa = PBXBuildFile; fileRef = B79897C5295802C90082EB8D /* APIModels.swift */; };
		B79EB7812955800A009A091D /* AppDelegate.swift in Sources */ = {isa = PBXBuildFile; fileRef = B79EB7802955800A009A091D /* AppDelegate.swift */; };
		B79EB7832955800A009A091D /* SceneDelegate.swift in Sources */ = {isa = PBXBuildFile; fileRef = B79EB7822955800A009A091D /* SceneDelegate.swift */; };
		B79EB7852955800A009A091D /* ViewController.swift in Sources */ = {isa = PBXBuildFile; fileRef = B79EB7842955800A009A091D /* ViewController.swift */; };
		B79EB7882955800A009A091D /* Main.storyboard in Resources */ = {isa = PBXBuildFile; fileRef = B79EB7862955800A009A091D /* Main.storyboard */; };
		B79EB78A2955800B009A091D /* Assets.xcassets in Resources */ = {isa = PBXBuildFile; fileRef = B79EB7892955800B009A091D /* Assets.xcassets */; };
		B79EB78D2955800B009A091D /* LaunchScreen.storyboard in Resources */ = {isa = PBXBuildFile; fileRef = B79EB78B2955800B009A091D /* LaunchScreen.storyboard */; };
		B7D67CDA295ACA64005AB342 /* AnalysisTableViewCell.swift in Sources */ = {isa = PBXBuildFile; fileRef = B7D67CD8295ACA64005AB342 /* AnalysisTableViewCell.swift */; };
		B7D67CDB295ACA64005AB342 /* AnalysisTableViewCell.xib in Resources */ = {isa = PBXBuildFile; fileRef = B7D67CD9295ACA64005AB342 /* AnalysisTableViewCell.xib */; };
		B7D67D00295B0573005AB342 /* CircularProgressBarView.swift in Sources */ = {isa = PBXBuildFile; fileRef = B7D67CFF295B0573005AB342 /* CircularProgressBarView.swift */; };
		B7DDEE22296D8EC000D17AA3 /* CustomCell.swift in Sources */ = {isa = PBXBuildFile; fileRef = B7DDEE20296D8EC000D17AA3 /* CustomCell.swift */; };
		B7DDEE23296D8EC000D17AA3 /* CustomCell.xib in Resources */ = {isa = PBXBuildFile; fileRef = B7DDEE21296D8EC000D17AA3 /* CustomCell.xib */; };
		B7EA88EE295DB80A0002032A /* LoginViewController.swift in Sources */ = {isa = PBXBuildFile; fileRef = B7EA88ED295DB80A0002032A /* LoginViewController.swift */; };
		B7EA88F0295DB8140002032A /* SignUpViewController.swift in Sources */ = {isa = PBXBuildFile; fileRef = B7EA88EF295DB8140002032A /* SignUpViewController.swift */; };
		B7EA88F5295DD27B0002032A /* AuthMenuController.swift in Sources */ = {isa = PBXBuildFile; fileRef = B7EA88F4295DD27B0002032A /* AuthMenuController.swift */; };
/* End PBXBuildFile section */

/* Begin PBXFileReference section */
		B72D982B29580F710047B14A /* MenuController.swift */ = {isa = PBXFileReference; lastKnownFileType = sourcecode.swift; path = MenuController.swift; sourceTree = "<group>"; };
		B72D982D295814F20047B14A /* CreatePasswordViewController.swift */ = {isa = PBXFileReference; lastKnownFileType = sourcecode.swift; path = CreatePasswordViewController.swift; sourceTree = "<group>"; };
		B72D983429581EFF0047B14A /* PasswordDetailsViewController.swift */ = {isa = PBXFileReference; lastKnownFileType = sourcecode.swift; path = PasswordDetailsViewController.swift; sourceTree = "<group>"; };
		B750CFAD296AC52100A113A4 /* FormUI.swift */ = {isa = PBXFileReference; lastKnownFileType = sourcecode.swift; path = FormUI.swift; sourceTree = "<group>"; };
		B750CFAF296B01E100A113A4 /* User.swift */ = {isa = PBXFileReference; lastKnownFileType = sourcecode.swift; path = User.swift; sourceTree = "<group>"; };
		B750CFB4296B094C00A113A4 /* KeychainHelper.swift */ = {isa = PBXFileReference; lastKnownFileType = sourcecode.swift; path = KeychainHelper.swift; sourceTree = "<group>"; };
		B750CFB6296B0A1000A113A4 /* UserData.swift */ = {isa = PBXFileReference; lastKnownFileType = sourcecode.swift; path = UserData.swift; sourceTree = "<group>"; };
		B75A3B64295AA0500072D09F /* PasswordValidator.swift */ = {isa = PBXFileReference; lastKnownFileType = sourcecode.swift; path = PasswordValidator.swift; sourceTree = "<group>"; };
		B783FD4529583A0E004BEB6C /* ProfileViewController.swift */ = {isa = PBXFileReference; lastKnownFileType = sourcecode.swift; path = ProfileViewController.swift; sourceTree = "<group>"; };
		B783FD4829584E7F004BEB6C /* API.swift */ = {isa = PBXFileReference; lastKnownFileType = sourcecode.swift; path = API.swift; sourceTree = "<group>"; };
		B783FD4B29586B9A004BEB6C /* Constants.swift */ = {isa = PBXFileReference; lastKnownFileType = sourcecode.swift; path = Constants.swift; sourceTree = "<group>"; };
		B783FD5229595476004BEB6C /* PasswordTableViewCell.swift */ = {isa = PBXFileReference; lastKnownFileType = sourcecode.swift; path = PasswordTableViewCell.swift; sourceTree = "<group>"; };
		B783FD5329595476004BEB6C /* PasswordTableViewCell.xib */ = {isa = PBXFileReference; lastKnownFileType = file.xib; path = PasswordTableViewCell.xib; sourceTree = "<group>"; };
		B783FD5629595D17004BEB6C /* Password.swift */ = {isa = PBXFileReference; lastKnownFileType = sourcecode.swift; path = Password.swift; sourceTree = "<group>"; };
		B783FD582959648B004BEB6C /* PasswordDelegate.swift */ = {isa = PBXFileReference; lastKnownFileType = sourcecode.swift; path = PasswordDelegate.swift; sourceTree = "<group>"; };
		B79897BD2958012D0082EB8D /* HomeViewController.swift */ = {isa = PBXFileReference; lastKnownFileType = sourcecode.swift; path = HomeViewController.swift; sourceTree = "<group>"; };
		B79897BF2958014E0082EB8D /* AnalysisViewController.swift */ = {isa = PBXFileReference; lastKnownFileType = sourcecode.swift; path = AnalysisViewController.swift; sourceTree = "<group>"; };
		B79897C12958015D0082EB8D /* SearchViewController.swift */ = {isa = PBXFileReference; lastKnownFileType = sourcecode.swift; path = SearchViewController.swift; sourceTree = "<group>"; };
		B79897C3295801660082EB8D /* SettingsViewController.swift */ = {isa = PBXFileReference; lastKnownFileType = sourcecode.swift; path = SettingsViewController.swift; sourceTree = "<group>"; };
		B79897C5295802C90082EB8D /* APIModels.swift */ = {isa = PBXFileReference; lastKnownFileType = sourcecode.swift; path = APIModels.swift; sourceTree = "<group>"; };
		B79EB77D2955800A009A091D /* PasswordManager.app */ = {isa = PBXFileReference; explicitFileType = wrapper.application; includeInIndex = 0; path = PasswordManager.app; sourceTree = BUILT_PRODUCTS_DIR; };
		B79EB7802955800A009A091D /* AppDelegate.swift */ = {isa = PBXFileReference; lastKnownFileType = sourcecode.swift; path = AppDelegate.swift; sourceTree = "<group>"; };
		B79EB7822955800A009A091D /* SceneDelegate.swift */ = {isa = PBXFileReference; lastKnownFileType = sourcecode.swift; path = SceneDelegate.swift; sourceTree = "<group>"; };
		B79EB7842955800A009A091D /* ViewController.swift */ = {isa = PBXFileReference; lastKnownFileType = sourcecode.swift; path = ViewController.swift; sourceTree = "<group>"; };
		B79EB7872955800A009A091D /* Base */ = {isa = PBXFileReference; lastKnownFileType = file.storyboard; name = Base; path = Base.lproj/Main.storyboard; sourceTree = "<group>"; };
		B79EB7892955800B009A091D /* Assets.xcassets */ = {isa = PBXFileReference; lastKnownFileType = folder.assetcatalog; path = Assets.xcassets; sourceTree = "<group>"; };
		B79EB78C2955800B009A091D /* Base */ = {isa = PBXFileReference; lastKnownFileType = file.storyboard; name = Base; path = Base.lproj/LaunchScreen.storyboard; sourceTree = "<group>"; };
		B79EB78E2955800B009A091D /* Info.plist */ = {isa = PBXFileReference; lastKnownFileType = text.plist.xml; path = Info.plist; sourceTree = "<group>"; };
		B7D67CD8295ACA64005AB342 /* AnalysisTableViewCell.swift */ = {isa = PBXFileReference; lastKnownFileType = sourcecode.swift; path = AnalysisTableViewCell.swift; sourceTree = "<group>"; };
		B7D67CD9295ACA64005AB342 /* AnalysisTableViewCell.xib */ = {isa = PBXFileReference; lastKnownFileType = file.xib; path = AnalysisTableViewCell.xib; sourceTree = "<group>"; };
		B7D67CFF295B0573005AB342 /* CircularProgressBarView.swift */ = {isa = PBXFileReference; lastKnownFileType = sourcecode.swift; path = CircularProgressBarView.swift; sourceTree = "<group>"; };
		B7DDEE20296D8EC000D17AA3 /* CustomCell.swift */ = {isa = PBXFileReference; lastKnownFileType = sourcecode.swift; path = CustomCell.swift; sourceTree = "<group>"; };
		B7DDEE21296D8EC000D17AA3 /* CustomCell.xib */ = {isa = PBXFileReference; lastKnownFileType = file.xib; path = CustomCell.xib; sourceTree = "<group>"; };
		B7EA88ED295DB80A0002032A /* LoginViewController.swift */ = {isa = PBXFileReference; lastKnownFileType = sourcecode.swift; path = LoginViewController.swift; sourceTree = "<group>"; };
		B7EA88EF295DB8140002032A /* SignUpViewController.swift */ = {isa = PBXFileReference; lastKnownFileType = sourcecode.swift; path = SignUpViewController.swift; sourceTree = "<group>"; };
		B7EA88F4295DD27B0002032A /* AuthMenuController.swift */ = {isa = PBXFileReference; lastKnownFileType = sourcecode.swift; path = AuthMenuController.swift; sourceTree = "<group>"; };
/* End PBXFileReference section */

/* Begin PBXFrameworksBuildPhase section */
		B79EB77A2955800A009A091D /* Frameworks */ = {
			isa = PBXFrameworksBuildPhase;
			buildActionMask = 2147483647;
			files = (
				B783FD5129595209004BEB6C /* RealmSwift in Frameworks */,
				B750CFB3296B087E00A113A4 /* CryptoSwift in Frameworks */,
				B783FD4F29595209004BEB6C /* Realm in Frameworks */,
			);
			runOnlyForDeploymentPostprocessing = 0;
		};
/* End PBXFrameworksBuildPhase section */

/* Begin PBXGroup section */
		B72D982F29581E2E0047B14A /* View */ = {
			isa = PBXGroup;
			children = (
				B79EB7862955800A009A091D /* Main.storyboard */,
				B7DDEE20296D8EC000D17AA3 /* CustomCell.swift */,
				B7DDEE21296D8EC000D17AA3 /* CustomCell.xib */,
				B7D67CD8295ACA64005AB342 /* AnalysisTableViewCell.swift */,
				B7D67CD9295ACA64005AB342 /* AnalysisTableViewCell.xib */,
				B783FD5229595476004BEB6C /* PasswordTableViewCell.swift */,
				B783FD5329595476004BEB6C /* PasswordTableViewCell.xib */,
			);
			path = View;
			sourceTree = "<group>";
		};
		B72D983029581E3F0047B14A /* Controller */ = {
			isa = PBXGroup;
			children = (
				B7EA88EC295DB7F30002032A /* Auth */,
				B72D983329581EA90047B14A /* tabBar */,
				B72D982B29580F710047B14A /* MenuController.swift */,
				B72D983429581EFF0047B14A /* PasswordDetailsViewController.swift */,
				B72D982D295814F20047B14A /* CreatePasswordViewController.swift */,
				B783FD4529583A0E004BEB6C /* ProfileViewController.swift */,
			);
			path = Controller;
			sourceTree = "<group>";
		};
		B72D983129581E4F0047B14A /* Model */ = {
			isa = PBXGroup;
			children = (
				B750CFAC296AC50800A113A4 /* FormUI */,
				B79897C5295802C90082EB8D /* APIModels.swift */,
				B783FD5629595D17004BEB6C /* Password.swift */,
				B75A3B64295AA0500072D09F /* PasswordValidator.swift */,
				B783FD582959648B004BEB6C /* PasswordDelegate.swift */,
				B750CFAF296B01E100A113A4 /* User.swift */,
				B750CFB6296B0A1000A113A4 /* UserData.swift */,
				B750CFB4296B094C00A113A4 /* KeychainHelper.swift */,
			);
			path = Model;
			sourceTree = "<group>";
		};
		B72D983229581E5D0047B14A /* App */ = {
			isa = PBXGroup;
			children = (
				B79EB7802955800A009A091D /* AppDelegate.swift */,
				B79EB7822955800A009A091D /* SceneDelegate.swift */,
			);
			path = App;
			sourceTree = "<group>";
		};
		B72D983329581EA90047B14A /* tabBar */ = {
			isa = PBXGroup;
			children = (
				B79EB7842955800A009A091D /* ViewController.swift */,
				B79897C12958015D0082EB8D /* SearchViewController.swift */,
				B79897C3295801660082EB8D /* SettingsViewController.swift */,
				B79897BF2958014E0082EB8D /* AnalysisViewController.swift */,
				B79897BD2958012D0082EB8D /* HomeViewController.swift */,
			);
			path = tabBar;
			sourceTree = "<group>";
		};
		B750CFAC296AC50800A113A4 /* FormUI */ = {
			isa = PBXGroup;
			children = (
				B750CFAD296AC52100A113A4 /* FormUI.swift */,
			);
			path = FormUI;
			sourceTree = "<group>";
		};
		B783FD4729584E6D004BEB6C /* secrets */ = {
			isa = PBXGroup;
			children = (
				B783FD4829584E7F004BEB6C /* API.swift */,
			);
			path = secrets;
			sourceTree = "<group>";
		};
		B79EB7742955800A009A091D = {
			isa = PBXGroup;
			children = (
				B79EB77F2955800A009A091D /* PasswordManager */,
				B79EB77E2955800A009A091D /* Products */,
			);
			sourceTree = "<group>";
		};
		B79EB77E2955800A009A091D /* Products */ = {
			isa = PBXGroup;
			children = (
				B79EB77D2955800A009A091D /* PasswordManager.app */,
			);
			name = Products;
			sourceTree = "<group>";
		};
		B79EB77F2955800A009A091D /* PasswordManager */ = {
			isa = PBXGroup;
			children = (
				B783FD4729584E6D004BEB6C /* secrets */,
				B72D983229581E5D0047B14A /* App */,
				B72D983129581E4F0047B14A /* Model */,
				B72D982F29581E2E0047B14A /* View */,
				B72D983029581E3F0047B14A /* Controller */,
				B783FD4B29586B9A004BEB6C /* Constants.swift */,
				B7D67CFE295B0548005AB342 /* Helpers */,
				B79EB7892955800B009A091D /* Assets.xcassets */,
				B79EB78B2955800B009A091D /* LaunchScreen.storyboard */,
				B79EB78E2955800B009A091D /* Info.plist */,
			);
			path = PasswordManager;
			sourceTree = "<group>";
		};
		B7D67CFE295B0548005AB342 /* Helpers */ = {
			isa = PBXGroup;
			children = (
				B7D67CFF295B0573005AB342 /* CircularProgressBarView.swift */,
			);
			path = Helpers;
			sourceTree = "<group>";
		};
		B7EA88EC295DB7F30002032A /* Auth */ = {
			isa = PBXGroup;
			children = (
				B7EA88ED295DB80A0002032A /* LoginViewController.swift */,
				B7EA88EF295DB8140002032A /* SignUpViewController.swift */,
				B7EA88F4295DD27B0002032A /* AuthMenuController.swift */,
			);
			path = Auth;
			sourceTree = "<group>";
		};
/* End PBXGroup section */

/* Begin PBXNativeTarget section */
		B79EB77C2955800A009A091D /* PasswordManager */ = {
			isa = PBXNativeTarget;
			buildConfigurationList = B79EB7912955800B009A091D /* Build configuration list for PBXNativeTarget "PasswordManager" */;
			buildPhases = (
				B79EB7792955800A009A091D /* Sources */,
				B79EB77A2955800A009A091D /* Frameworks */,
				B79EB77B2955800A009A091D /* Resources */,
			);
			buildRules = (
			);
			dependencies = (
			);
			name = PasswordManager;
			packageProductDependencies = (
				B783FD4E29595209004BEB6C /* Realm */,
				B783FD5029595209004BEB6C /* RealmSwift */,
				B750CFB2296B087E00A113A4 /* CryptoSwift */,
			);
			productName = PasswordManager;
			productReference = B79EB77D2955800A009A091D /* PasswordManager.app */;
			productType = "com.apple.product-type.application";
		};
/* End PBXNativeTarget section */

/* Begin PBXProject section */
		B79EB7752955800A009A091D /* Project object */ = {
			isa = PBXProject;
			attributes = {
				BuildIndependentTargetsInParallel = 1;
				LastSwiftUpdateCheck = 1420;
				LastUpgradeCheck = 1420;
				TargetAttributes = {
					B79EB77C2955800A009A091D = {
						CreatedOnToolsVersion = 14.2;
					};
				};
			};
			buildConfigurationList = B79EB7782955800A009A091D /* Build configuration list for PBXProject "PasswordManager" */;
			compatibilityVersion = "Xcode 14.0";
			developmentRegion = en;
			hasScannedForEncodings = 0;
			knownRegions = (
				en,
				Base,
			);
			mainGroup = B79EB7742955800A009A091D;
			packageReferences = (
				B783FD4D29595209004BEB6C /* XCRemoteSwiftPackageReference "realm-swift" */,
				B750CFB1296B087E00A113A4 /* XCRemoteSwiftPackageReference "CryptoSwift" */,
			);
			productRefGroup = B79EB77E2955800A009A091D /* Products */;
			projectDirPath = "";
			projectRoot = "";
			targets = (
				B79EB77C2955800A009A091D /* PasswordManager */,
			);
		};
/* End PBXProject section */

/* Begin PBXResourcesBuildPhase section */
		B79EB77B2955800A009A091D /* Resources */ = {
			isa = PBXResourcesBuildPhase;
			buildActionMask = 2147483647;
			files = (
				B7DDEE23296D8EC000D17AA3 /* CustomCell.xib in Resources */,
				B7D67CDB295ACA64005AB342 /* AnalysisTableViewCell.xib in Resources */,
				B783FD5529595476004BEB6C /* PasswordTableViewCell.xib in Resources */,
				B79EB78D2955800B009A091D /* LaunchScreen.storyboard in Resources */,
				B79EB78A2955800B009A091D /* Assets.xcassets in Resources */,
				B79EB7882955800A009A091D /* Main.storyboard in Resources */,
			);
			runOnlyForDeploymentPostprocessing = 0;
		};
/* End PBXResourcesBuildPhase section */

/* Begin PBXSourcesBuildPhase section */
		B79EB7792955800A009A091D /* Sources */ = {
			isa = PBXSourcesBuildPhase;
			buildActionMask = 2147483647;
			files = (
				B7EA88F0295DB8140002032A /* SignUpViewController.swift in Sources */,
				B7EA88EE295DB80A0002032A /* LoginViewController.swift in Sources */,
				B783FD5429595476004BEB6C /* PasswordTableViewCell.swift in Sources */,
				B750CFB0296B01E100A113A4 /* User.swift in Sources */,
				B79897C22958015D0082EB8D /* SearchViewController.swift in Sources */,
				B72D982C29580F710047B14A /* MenuController.swift in Sources */,
				B79EB7852955800A009A091D /* ViewController.swift in Sources */,
				B79897C4295801660082EB8D /* SettingsViewController.swift in Sources */,
				B79EB7812955800A009A091D /* AppDelegate.swift in Sources */,
				B79897C6295802C90082EB8D /* APIModels.swift in Sources */,
				B75A3B65295AA0500072D09F /* PasswordValidator.swift in Sources */,
				B783FD4629583A0E004BEB6C /* ProfileViewController.swift in Sources */,
				B79EB7832955800A009A091D /* SceneDelegate.swift in Sources */,
				B783FD592959648B004BEB6C /* PasswordDelegate.swift in Sources */,
				B7DDEE22296D8EC000D17AA3 /* CustomCell.swift in Sources */,
				B783FD4929584E7F004BEB6C /* API.swift in Sources */,
				B72D983529581EFF0047B14A /* PasswordDetailsViewController.swift in Sources */,
				B79897BE2958012D0082EB8D /* HomeViewController.swift in Sources */,
				B7D67D00295B0573005AB342 /* CircularProgressBarView.swift in Sources */,
				B750CFAE296AC52100A113A4 /* FormUI.swift in Sources */,
				B783FD4C29586B9A004BEB6C /* Constants.swift in Sources */,
				B79897C02958014E0082EB8D /* AnalysisViewController.swift in Sources */,
				B750CFB7296B0A1000A113A4 /* UserData.swift in Sources */,
				B750CFB5296B094C00A113A4 /* KeychainHelper.swift in Sources */,
				B72D982E295814F20047B14A /* CreatePasswordViewController.swift in Sources */,
				B7EA88F5295DD27B0002032A /* AuthMenuController.swift in Sources */,
				B7D67CDA295ACA64005AB342 /* AnalysisTableViewCell.swift in Sources */,
				B783FD5729595D17004BEB6C /* Password.swift in Sources */,
			);
			runOnlyForDeploymentPostprocessing = 0;
		};
/* End PBXSourcesBuildPhase section */

/* Begin PBXVariantGroup section */
		B79EB7862955800A009A091D /* Main.storyboard */ = {
			isa = PBXVariantGroup;
			children = (
				B79EB7872955800A009A091D /* Base */,
			);
			name = Main.storyboard;
			sourceTree = "<group>";
		};
		B79EB78B2955800B009A091D /* LaunchScreen.storyboard */ = {
			isa = PBXVariantGroup;
			children = (
				B79EB78C2955800B009A091D /* Base */,
			);
			name = LaunchScreen.storyboard;
			sourceTree = "<group>";
		};
/* End PBXVariantGroup section */

/* Begin XCBuildConfiguration section */
		B79EB78F2955800B009A091D /* Debug */ = {
			isa = XCBuildConfiguration;
			buildSettings = {
				ALWAYS_SEARCH_USER_PATHS = NO;
				CLANG_ANALYZER_NONNULL = YES;
				CLANG_ANALYZER_NUMBER_OBJECT_CONVERSION = YES_AGGRESSIVE;
				CLANG_CXX_LANGUAGE_STANDARD = "gnu++20";
				CLANG_ENABLE_MODULES = YES;
				CLANG_ENABLE_OBJC_ARC = YES;
				CLANG_ENABLE_OBJC_WEAK = YES;
				CLANG_WARN_BLOCK_CAPTURE_AUTORELEASING = YES;
				CLANG_WARN_BOOL_CONVERSION = YES;
				CLANG_WARN_COMMA = YES;
				CLANG_WARN_CONSTANT_CONVERSION = YES;
				CLANG_WARN_DEPRECATED_OBJC_IMPLEMENTATIONS = YES;
				CLANG_WARN_DIRECT_OBJC_ISA_USAGE = YES_ERROR;
				CLANG_WARN_DOCUMENTATION_COMMENTS = YES;
				CLANG_WARN_EMPTY_BODY = YES;
				CLANG_WARN_ENUM_CONVERSION = YES;
				CLANG_WARN_INFINITE_RECURSION = YES;
				CLANG_WARN_INT_CONVERSION = YES;
				CLANG_WARN_NON_LITERAL_NULL_CONVERSION = YES;
				CLANG_WARN_OBJC_IMPLICIT_RETAIN_SELF = YES;
				CLANG_WARN_OBJC_LITERAL_CONVERSION = YES;
				CLANG_WARN_OBJC_ROOT_CLASS = YES_ERROR;
				CLANG_WARN_QUOTED_INCLUDE_IN_FRAMEWORK_HEADER = YES;
				CLANG_WARN_RANGE_LOOP_ANALYSIS = YES;
				CLANG_WARN_STRICT_PROTOTYPES = YES;
				CLANG_WARN_SUSPICIOUS_MOVE = YES;
				CLANG_WARN_UNGUARDED_AVAILABILITY = YES_AGGRESSIVE;
				CLANG_WARN_UNREACHABLE_CODE = YES;
				CLANG_WARN__DUPLICATE_METHOD_MATCH = YES;
				COPY_PHASE_STRIP = NO;
				DEBUG_INFORMATION_FORMAT = dwarf;
				ENABLE_STRICT_OBJC_MSGSEND = YES;
				ENABLE_TESTABILITY = YES;
				GCC_C_LANGUAGE_STANDARD = gnu11;
				GCC_DYNAMIC_NO_PIC = NO;
				GCC_NO_COMMON_BLOCKS = YES;
				GCC_OPTIMIZATION_LEVEL = 0;
				GCC_PREPROCESSOR_DEFINITIONS = (
					"DEBUG=1",
					"$(inherited)",
				);
				GCC_WARN_64_TO_32_BIT_CONVERSION = YES;
				GCC_WARN_ABOUT_RETURN_TYPE = YES_ERROR;
				GCC_WARN_UNDECLARED_SELECTOR = YES;
				GCC_WARN_UNINITIALIZED_AUTOS = YES_AGGRESSIVE;
				GCC_WARN_UNUSED_FUNCTION = YES;
				GCC_WARN_UNUSED_VARIABLE = YES;
				IPHONEOS_DEPLOYMENT_TARGET = 16.2;
				MTL_ENABLE_DEBUG_INFO = INCLUDE_SOURCE;
				MTL_FAST_MATH = YES;
				ONLY_ACTIVE_ARCH = YES;
				SDKROOT = iphoneos;
				SWIFT_ACTIVE_COMPILATION_CONDITIONS = DEBUG;
				SWIFT_OPTIMIZATION_LEVEL = "-Onone";
			};
			name = Debug;
		};
		B79EB7902955800B009A091D /* Release */ = {
			isa = XCBuildConfiguration;
			buildSettings = {
				ALWAYS_SEARCH_USER_PATHS = NO;
				CLANG_ANALYZER_NONNULL = YES;
				CLANG_ANALYZER_NUMBER_OBJECT_CONVERSION = YES_AGGRESSIVE;
				CLANG_CXX_LANGUAGE_STANDARD = "gnu++20";
				CLANG_ENABLE_MODULES = YES;
				CLANG_ENABLE_OBJC_ARC = YES;
				CLANG_ENABLE_OBJC_WEAK = YES;
				CLANG_WARN_BLOCK_CAPTURE_AUTORELEASING = YES;
				CLANG_WARN_BOOL_CONVERSION = YES;
				CLANG_WARN_COMMA = YES;
				CLANG_WARN_CONSTANT_CONVERSION = YES;
				CLANG_WARN_DEPRECATED_OBJC_IMPLEMENTATIONS = YES;
				CLANG_WARN_DIRECT_OBJC_ISA_USAGE = YES_ERROR;
				CLANG_WARN_DOCUMENTATION_COMMENTS = YES;
				CLANG_WARN_EMPTY_BODY = YES;
				CLANG_WARN_ENUM_CONVERSION = YES;
				CLANG_WARN_INFINITE_RECURSION = YES;
				CLANG_WARN_INT_CONVERSION = YES;
				CLANG_WARN_NON_LITERAL_NULL_CONVERSION = YES;
				CLANG_WARN_OBJC_IMPLICIT_RETAIN_SELF = YES;
				CLANG_WARN_OBJC_LITERAL_CONVERSION = YES;
				CLANG_WARN_OBJC_ROOT_CLASS = YES_ERROR;
				CLANG_WARN_QUOTED_INCLUDE_IN_FRAMEWORK_HEADER = YES;
				CLANG_WARN_RANGE_LOOP_ANALYSIS = YES;
				CLANG_WARN_STRICT_PROTOTYPES = YES;
				CLANG_WARN_SUSPICIOUS_MOVE = YES;
				CLANG_WARN_UNGUARDED_AVAILABILITY = YES_AGGRESSIVE;
				CLANG_WARN_UNREACHABLE_CODE = YES;
				CLANG_WARN__DUPLICATE_METHOD_MATCH = YES;
				COPY_PHASE_STRIP = NO;
				DEBUG_INFORMATION_FORMAT = "dwarf-with-dsym";
				ENABLE_NS_ASSERTIONS = NO;
				ENABLE_STRICT_OBJC_MSGSEND = YES;
				GCC_C_LANGUAGE_STANDARD = gnu11;
				GCC_NO_COMMON_BLOCKS = YES;
				GCC_WARN_64_TO_32_BIT_CONVERSION = YES;
				GCC_WARN_ABOUT_RETURN_TYPE = YES_ERROR;
				GCC_WARN_UNDECLARED_SELECTOR = YES;
				GCC_WARN_UNINITIALIZED_AUTOS = YES_AGGRESSIVE;
				GCC_WARN_UNUSED_FUNCTION = YES;
				GCC_WARN_UNUSED_VARIABLE = YES;
				IPHONEOS_DEPLOYMENT_TARGET = 16.2;
				MTL_ENABLE_DEBUG_INFO = NO;
				MTL_FAST_MATH = YES;
				SDKROOT = iphoneos;
				SWIFT_COMPILATION_MODE = wholemodule;
				SWIFT_OPTIMIZATION_LEVEL = "-O";
				VALIDATE_PRODUCT = YES;
			};
			name = Release;
		};
		B79EB7922955800B009A091D /* Debug */ = {
			isa = XCBuildConfiguration;
			buildSettings = {
				ASSETCATALOG_COMPILER_APPICON_NAME = AppIcon;
				ASSETCATALOG_COMPILER_GLOBAL_ACCENT_COLOR_NAME = AccentColor;
				CODE_SIGN_STYLE = Automatic;
				CURRENT_PROJECT_VERSION = 1;
				DEVELOPMENT_TEAM = 6Q244YNG4J;
				GENERATE_INFOPLIST_FILE = YES;
				INFOPLIST_FILE = PasswordManager/Info.plist;
				INFOPLIST_KEY_UIApplicationSupportsIndirectInputEvents = YES;
				INFOPLIST_KEY_UILaunchStoryboardName = LaunchScreen;
				INFOPLIST_KEY_UIMainStoryboardFile = Main;
				INFOPLIST_KEY_UISupportedInterfaceOrientations_iPad = "UIInterfaceOrientationPortrait UIInterfaceOrientationPortraitUpsideDown UIInterfaceOrientationLandscapeLeft UIInterfaceOrientationLandscapeRight";
				INFOPLIST_KEY_UISupportedInterfaceOrientations_iPhone = "UIInterfaceOrientationPortrait UIInterfaceOrientationLandscapeLeft UIInterfaceOrientationLandscapeRight";
				LD_RUNPATH_SEARCH_PATHS = (
					"$(inherited)",
					"@executable_path/Frameworks",
				);
				MARKETING_VERSION = 1.0;
				PRODUCT_BUNDLE_IDENTIFIER = com.ravshan.patterns.PasswordManager;
				PRODUCT_NAME = "$(TARGET_NAME)";
				SWIFT_EMIT_LOC_STRINGS = YES;
				SWIFT_VERSION = 5.0;
				TARGETED_DEVICE_FAMILY = "1,2";
			};
			name = Debug;
		};
		B79EB7932955800B009A091D /* Release */ = {
			isa = XCBuildConfiguration;
			buildSettings = {
				ASSETCATALOG_COMPILER_APPICON_NAME = AppIcon;
				ASSETCATALOG_COMPILER_GLOBAL_ACCENT_COLOR_NAME = AccentColor;
				CODE_SIGN_STYLE = Automatic;
				CURRENT_PROJECT_VERSION = 1;
				DEVELOPMENT_TEAM = 6Q244YNG4J;
				GENERATE_INFOPLIST_FILE = YES;
				INFOPLIST_FILE = PasswordManager/Info.plist;
				INFOPLIST_KEY_UIApplicationSupportsIndirectInputEvents = YES;
				INFOPLIST_KEY_UILaunchStoryboardName = LaunchScreen;
				INFOPLIST_KEY_UIMainStoryboardFile = Main;
				INFOPLIST_KEY_UISupportedInterfaceOrientations_iPad = "UIInterfaceOrientationPortrait UIInterfaceOrientationPortraitUpsideDown UIInterfaceOrientationLandscapeLeft UIInterfaceOrientationLandscapeRight";
				INFOPLIST_KEY_UISupportedInterfaceOrientations_iPhone = "UIInterfaceOrientationPortrait UIInterfaceOrientationLandscapeLeft UIInterfaceOrientationLandscapeRight";
				LD_RUNPATH_SEARCH_PATHS = (
					"$(inherited)",
					"@executable_path/Frameworks",
				);
				MARKETING_VERSION = 1.0;
				PRODUCT_BUNDLE_IDENTIFIER = com.ravshan.patterns.PasswordManager;
				PRODUCT_NAME = "$(TARGET_NAME)";
				SWIFT_EMIT_LOC_STRINGS = YES;
				SWIFT_VERSION = 5.0;
				TARGETED_DEVICE_FAMILY = "1,2";
			};
			name = Release;
		};
/* End XCBuildConfiguration section */

/* Begin XCConfigurationList section */
		B79EB7782955800A009A091D /* Build configuration list for PBXProject "PasswordManager" */ = {
			isa = XCConfigurationList;
			buildConfigurations = (
				B79EB78F2955800B009A091D /* Debug */,
				B79EB7902955800B009A091D /* Release */,
			);
			defaultConfigurationIsVisible = 0;
			defaultConfigurationName = Release;
		};
		B79EB7912955800B009A091D /* Build configuration list for PBXNativeTarget "PasswordManager" */ = {
			isa = XCConfigurationList;
			buildConfigurations = (
				B79EB7922955800B009A091D /* Debug */,
				B79EB7932955800B009A091D /* Release */,
			);
			defaultConfigurationIsVisible = 0;
			defaultConfigurationName = Release;
		};
/* End XCConfigurationList section */

/* Begin XCRemoteSwiftPackageReference section */
		B750CFB1296B087E00A113A4 /* XCRemoteSwiftPackageReference "CryptoSwift" */ = {
			isa = XCRemoteSwiftPackageReference;
			repositoryURL = "https://github.com/krzyzanowskim/CryptoSwift.git";
			requirement = {
				kind = upToNextMajorVersion;
				minimumVersion = 1.0.0;
			};
		};
		B783FD4D29595209004BEB6C /* XCRemoteSwiftPackageReference "realm-swift" */ = {
			isa = XCRemoteSwiftPackageReference;
			repositoryURL = "https://github.com/realm/realm-swift.git";
			requirement = {
				kind = upToNextMajorVersion;
				minimumVersion = 10.33.0;
			};
		};
/* End XCRemoteSwiftPackageReference section */

/* Begin XCSwiftPackageProductDependency section */
		B750CFB2296B087E00A113A4 /* CryptoSwift */ = {
			isa = XCSwiftPackageProductDependency;
			package = B750CFB1296B087E00A113A4 /* XCRemoteSwiftPackageReference "CryptoSwift" */;
			productName = CryptoSwift;
		};
		B783FD4E29595209004BEB6C /* Realm */ = {
			isa = XCSwiftPackageProductDependency;
			package = B783FD4D29595209004BEB6C /* XCRemoteSwiftPackageReference "realm-swift" */;
			productName = Realm;
		};
		B783FD5029595209004BEB6C /* RealmSwift */ = {
			isa = XCSwiftPackageProductDependency;
			package = B783FD4D29595209004BEB6C /* XCRemoteSwiftPackageReference "realm-swift" */;
			productName = RealmSwift;
		};
/* End XCSwiftPackageProductDependency section */
	};
	rootObject = B79EB7752955800A009A091D /* Project object */;
}
